Microsoft Visual Studio Solution File, Format Version 12.00
# Visual Studio Version 17
VisualStudioVersion = 17.0.31903.59
MinimumVisualStudioVersion = 10.0.40219.1
Project("{0C21C6A6-2037-49CB-BFA5-783498C5F23F}") = "Project_c836d034ab5e480f9c49387d2dbe45ac_20250601200320556633", "Project_c836d034ab5e480f9c49387d2dbe45ac_20250601200320556633.csproj", "{0C21C6A6-2037-49CB-BFA5-783498C5F23F}"
EndProject
Global
    GlobalSection(SolutionConfigurationPlatforms) = preSolution
        Debug|Any CPU = Debug|Any CPU
        Release|Any CPU = Release|Any CPU
    EndGlobalSection
    GlobalSection(ProjectConfigurationPlatforms) = postSolution
        {0C21C6A6-2037-49CB-BFA5-783498C5F23F}.Debug|Any CPU.ActiveCfg = Debug|Any CPU
        {0C21C6A6-2037-49CB-BFA5-783498C5F23F}.Debug|Any CPU.Build.0 = Debug|Any CPU
        {0C21C6A6-2037-49CB-BFA5-783498C5F23F}.Release|Any CPU.ActiveCfg = Release|Any CPU
        {0C21C6A6-2037-49CB-BFA5-783498C5F23F}.Release|Any CPU.Build.0 = Release|Any CPU
    EndGlobalSection
EndGlobal